
Microsoft Visual Studio Solution File, Format Version 12.00
Project("{FAE04EC0-301F-11D3-BF4B-00C04F79EFBC}") = "MongoDbConsoleApp", "MongoDbConsoleApp\MongoDbConsoleApp.csproj", "{27E20FD7-2257-43CF-A4C5-64797E81C034}"
EndProject
Global
	GlobalSection(SolutionConfigurationPlatforms) = preSolution
		Debug|Any CPU = Debug|Any CPU
		Release|Any CPU = Release|Any CPU
	EndGlobalSection
	GlobalSection(ProjectConfigurationPlatforms) = postSolution
		{27E20FD7-2257-43CF-A4C5-64797E81C034}.Debug|Any CPU.ActiveCfg = Debug|Any CPU
		{27E20FD7-2257-43CF-A4C5-64797E81C034}.Debug|Any CPU.Build.0 = Debug|Any CPU
		{27E20FD7-2257-43CF-A4C5-64797E81C034}.Release|Any CPU.ActiveCfg = Release|Any CPU
		{27E20FD7-2257-43CF-A4C5-64797E81C034}.Release|Any CPU.Build.0 = Release|Any CPU
	EndGlobalSection
EndGlobal
